
Microsoft Visual Studio Solution File, Format Version 12.00
# Visual Studio Version 17
VisualStudioVersion = 17.12.35707.178 d17.12
MinimumVisualStudioVersion = 10.0.40219.1
Project("{FAE04EC0-301F-11D3-BF4B-00C04F79EFBC}") = "EmployeeManagement", "finalProject\EmployeeManagement.csproj", "{4C0035CF-52B9-4A11-8AAD-2995B9FB0A11}"
EndProject
Project("{FAE04EC0-301F-11D3-BF4B-00C04F79EFBC}") = "EmployeeManagement.Core", "API\EmployeeManagement.Core.csproj", "{498A8235-A728-46F6-8DF6-FF50D3788906}"
EndProject
Project("{FAE04EC0-301F-11D3-BF4B-00C04F79EFBC}") = "EmployeeManagement.Data", "EmployeeManagement.Data\EmployeeManagement.Data.csproj", "{93E43091-D274-4BD6-ABC2-1D44B8D933A8}"
EndProject
Project("{FAE04EC0-301F-11D3-BF4B-00C04F79EFBC}") = "EmployeeManagement.Service", "EmployeeManagement.Service\EmployeeManagement.Service.csproj", "{96B5ED04-149B-4973-B171-0BD9DBF610EE}"
EndProject
Global
	GlobalSection(SolutionConfigurationPlatforms) = preSolution
		Debug|Any CPU = Debug|Any CPU
		Release|Any CPU = Release|Any CPU
	EndGlobalSection
	GlobalSection(ProjectConfigurationPlatforms) = postSolution
		{4C0035CF-52B9-4A11-8AAD-2995B9FB0A11}.Debug|Any CPU.ActiveCfg = Debug|Any CPU
		{4C0035CF-52B9-4A11-8AAD-2995B9FB0A11}.Debug|Any CPU.Build.0 = Debug|Any CPU
		{4C0035CF-52B9-4A11-8AAD-2995B9FB0A11}.Release|Any CPU.ActiveCfg = Release|Any CPU
		{4C0035CF-52B9-4A11-8AAD-2995B9FB0A11}.Release|Any CPU.Build.0 = Release|Any CPU
		{498A8235-A728-46F6-8DF6-FF50D3788906}.Debug|Any CPU.ActiveCfg = Debug|Any CPU
		{498A8235-A728-46F6-8DF6-FF50D3788906}.Debug|Any CPU.Build.0 = Debug|Any CPU
		{498A8235-A728-46F6-8DF6-FF50D3788906}.Release|Any CPU.ActiveCfg = Release|Any CPU
		{498A8235-A728-46F6-8DF6-FF50D3788906}.Release|Any CPU.Build.0 = Release|Any CPU
		{93E43091-D274-4BD6-ABC2-1D44B8D933A8}.Debug|Any CPU.ActiveCfg = Debug|Any CPU
		{93E43091-D274-4BD6-ABC2-1D44B8D933A8}.Debug|Any CPU.Build.0 = Debug|Any CPU
		{93E43091-D274-4BD6-ABC2-1D44B8D933A8}.Release|Any CPU.ActiveCfg = Release|Any CPU
		{93E43091-D274-4BD6-ABC2-1D44B8D933A8}.Release|Any CPU.Build.0 = Release|Any CPU
		{96B5ED04-149B-4973-B171-0BD9DBF610EE}.Debug|Any CPU.ActiveCfg = Debug|Any CPU
		{96B5ED04-149B-4973-B171-0BD9DBF610EE}.Debug|Any CPU.Build.0 = Debug|Any CPU
		{96B5ED04-149B-4973-B171-0BD9DBF610EE}.Release|Any CPU.ActiveCfg = Release|Any CPU
		{96B5ED04-149B-4973-B171-0BD9DBF610EE}.Release|Any CPU.Build.0 = Release|Any CPU
	EndGlobalSection
	GlobalSection(SolutionProperties) = preSolution
		HideSolutionNode = FALSE
	EndGlobalSection
EndGlobal
